// !$*UTF8*$!
{
	archiveVersion = 1;
	classes = {
	};
	objectVersion = 46;
	objects = {

/* Begin PBXBuildFile section */
		BF_23E33B5A531722D6114726BE9D2B62D5 /* Main.storyboard in Resources */ = {isa = PBXBuildFile; fileRef = VG_64A2E443E4055E9BB27F09A796C2CC90 /* Main.storyboard */; };
		BF_2765D74C32703145BED06798CB29648F /* Assets.xcassets in Resources */ = {isa = PBXBuildFile; fileRef = FR_FA2607F44B91911D38B04FBA39D448B1 /* Assets.xcassets */; };
		BF_2DA5E3A1EE74517A3800F8333153BB4E /* ExtensionDelegate.swift in Sources */ = {isa = PBXBuildFile; fileRef = FR_235C9BF76C7A75580655B46CADB894A0 /* ExtensionDelegate.swift */; };
		BF_43308251204B712F51FA69BD0E4BC349 /* Assets.xcassets in Resources */ = {isa = PBXBuildFile; fileRef = FR_E216052EF1367A5BC9C9E6CD15A4B614 /* Assets.xcassets */; };
		BF_579E539E2A7401D4BFBA0D0F909A46A4 /* ViewController.swift in Sources */ = {isa = PBXBuildFile; fileRef = FR_F83806BC711CE12A37E0B7FEA2FA72AF /* ViewController.swift */; };
		BF_9161118D4F698D25B9566DCBE9EC6855 /* Interface.storyboard in Resources */ = {isa = PBXBuildFile; fileRef = VG_B7FEC49C66CF370029047BB804651BEA /* Interface.storyboard */; };
		BF_93A4315C351BE527F3EDFBA95744DBAA /* LaunchScreen.storyboard in Resources */ = {isa = PBXBuildFile; fileRef = VG_F688C000448D287B7B44D3D17417D501 /* LaunchScreen.storyboard */; };
		BF_CE7DB64BD31A40D7CB671118C511D26E /* Assets.xcassets in Resources */ = {isa = PBXBuildFile; fileRef = FR_5B8DE5E77BB4CD1C340F7586C3CA7110 /* Assets.xcassets */; };
		BF_DEB19DF8FB8B28DA678A964985D5A715 /* InterfaceController.swift in Sources */ = {isa = PBXBuildFile; fileRef = FR_83C295C08023EE8A6858EC969AB05637 /* InterfaceController.swift */; };
		BF_E03919249EC8476D2122D6FE5AF43A3F /* AppDelegate.swift in Sources */ = {isa = PBXBuildFile; fileRef = FR_98A7EC34EC9E36FD7A471A839F642717 /* AppDelegate.swift */; };
		BF_E856C19DB4B46F9A5C77B2682223084C /* NotificationController.swift in Sources */ = {isa = PBXBuildFile; fileRef = FR_AF0D3169B2A8A4F0B1D49286BA460175 /* NotificationController.swift */; };
/* End PBXBuildFile section */

/* Begin PBXFileReference section */
		FR_235C9BF76C7A75580655B46CADB894A0 /* ExtensionDelegate.swift */ = {isa = PBXFileReference; lastKnownFileType = sourcecode.swift; path = ExtensionDelegate.swift; sourceTree = "<group>"; };
		FR_40DDBD2450778D3E9E5F398F931F5230 /* Info.plist */ = {isa = PBXFileReference; lastKnownFileType = text.plist.xml; path = Info.plist; sourceTree = "<group>"; };
		FR_5B8DE5E77BB4CD1C340F7586C3CA7110 /* Assets.xcassets */ = {isa = PBXFileReference; lastKnownFileType = folder.assetcatalog; path = Assets.xcassets; sourceTree = "<group>"; };
		FR_74D51005056C18740D78612D7BB967B7 /* VibrateEveryX WatchKit App.app */ = {isa = PBXFileReference; explicitFileType = wrapper.application; includeInIndex = 0; path = "VibrateEveryX WatchKit App.app"; sourceTree = BUILT_PRODUCTS_DIR; };
		FR_7E04B1A6A5FA78A170DB2F3185F2EA03 /* Info.plist */ = {isa = PBXFileReference; lastKnownFileType = text.plist.xml; path = Info.plist; sourceTree = "<group>"; };
		FR_83C295C08023EE8A6858EC969AB05637 /* InterfaceController.swift */ = {isa = PBXFileReference; lastKnownFileType = sourcecode.swift; path = InterfaceController.swift; sourceTree = "<group>"; };
		FR_98A7EC34EC9E36FD7A471A839F642717 /* AppDelegate.swift */ = {isa = PBXFileReference; lastKnownFileType = sourcecode.swift; path = AppDelegate.swift; sourceTree = "<group>"; };
		FR_9E821D68004A26BEA4CDBDB335163B49 /* VibrateEveryX.app */ = {isa = PBXFileReference; explicitFileType = wrapper.application; includeInIndex = 0; path = VibrateEveryX.app; sourceTree = BUILT_PRODUCTS_DIR; };
		FR_AA41008D25D0E892EE369557C0B40333 /* Base */ = {isa = PBXFileReference; lastKnownFileType = file.storyboard; name = Base; path = Base.lproj/LaunchScreen.storyboard; sourceTree = "<group>"; };
		FR_AF0D3169B2A8A4F0B1D49286BA460175 /* NotificationController.swift */ = {isa = PBXFileReference; lastKnownFileType = sourcecode.swift; path = NotificationController.swift; sourceTree = "<group>"; };
		FR_B1E2D816679B6432A63C4100FBFFCA74 /* Base */ = {isa = PBXFileReference; lastKnownFileType = file.storyboard; name = Base; path = Base.lproj/Main.storyboard; sourceTree = "<group>"; };
		FR_CE337D42D6D61755102421CC2F871CBF /* Base */ = {isa = PBXFileReference; lastKnownFileType = file.storyboard; name = Base; path = Base.lproj/Interface.storyboard; sourceTree = "<group>"; };
		FR_D06CC3809B5D133B708D354ECB91CB6C /* VibrateEveryX WatchKit Extension.app */ = {isa = PBXFileReference; explicitFileType = wrapper.application; includeInIndex = 0; path = "VibrateEveryX WatchKit Extension.app"; sourceTree = BUILT_PRODUCTS_DIR; };
		FR_D4067422F94691492766171E5C454DC7 /* PushNotificationPayload.apns */ = {isa = PBXFileReference; lastKnownFileType = text; path = PushNotificationPayload.apns; sourceTree = "<group>"; };
		FR_E216052EF1367A5BC9C9E6CD15A4B614 /* Assets.xcassets */ = {isa = PBXFileReference; lastKnownFileType = folder.assetcatalog; path = Assets.xcassets; sourceTree = "<group>"; };
		FR_F83806BC711CE12A37E0B7FEA2FA72AF /* ViewController.swift */ = {isa = PBXFileReference; lastKnownFileType = sourcecode.swift; path = ViewController.swift; sourceTree = "<group>"; };
		FR_F8CB9A4221D2797549387F697BD1E3EE /* Info.plist */ = {isa = PBXFileReference; lastKnownFileType = text.plist.xml; path = Info.plist; sourceTree = "<group>"; };
		FR_FA2607F44B91911D38B04FBA39D448B1 /* Assets.xcassets */ = {isa = PBXFileReference; lastKnownFileType = folder.assetcatalog; path = Assets.xcassets; sourceTree = "<group>"; };
/* End PBXFileReference section */

/* Begin PBXGroup section */
		G_45A9CFE50E143FFDFA45A7C58F85583C /* VibrateEveryX */ = {
			isa = PBXGroup;
			children = (
				FR_98A7EC34EC9E36FD7A471A839F642717 /* AppDelegate.swift */,
				FR_5B8DE5E77BB4CD1C340F7586C3CA7110 /* Assets.xcassets */,
				FR_F8CB9A4221D2797549387F697BD1E3EE /* Info.plist */,
				VG_F688C000448D287B7B44D3D17417D501 /* LaunchScreen.storyboard */,
				VG_64A2E443E4055E9BB27F09A796C2CC90 /* Main.storyboard */,
				FR_F83806BC711CE12A37E0B7FEA2FA72AF /* ViewController.swift */,
			);
			path = VibrateEveryX;
			sourceTree = "<group>";
		};
		G_4C0461979E7383B709D482BF8A1C8C8E /* VibrateEveryX WatchKit Extension */ = {
			isa = PBXGroup;
			children = (
				FR_E216052EF1367A5BC9C9E6CD15A4B614 /* Assets.xcassets */,
				FR_235C9BF76C7A75580655B46CADB894A0 /* ExtensionDelegate.swift */,
				FR_40DDBD2450778D3E9E5F398F931F5230 /* Info.plist */,
				FR_83C295C08023EE8A6858EC969AB05637 /* InterfaceController.swift */,
				FR_AF0D3169B2A8A4F0B1D49286BA460175 /* NotificationController.swift */,
				FR_D4067422F94691492766171E5C454DC7 /* PushNotificationPayload.apns */,
			);
			path = "VibrateEveryX WatchKit Extension";
			sourceTree = "<group>";
		};
		G_4E7615781A36FF2A93BC361624EA2C59 /* Products */ = {
			isa = PBXGroup;
			children = (
				FR_74D51005056C18740D78612D7BB967B7 /* VibrateEveryX WatchKit App.app */,
				FR_D06CC3809B5D133B708D354ECB91CB6C /* VibrateEveryX WatchKit Extension.app */,
				FR_9E821D68004A26BEA4CDBDB335163B49 /* VibrateEveryX.app */,
			);
			name = Products;
			sourceTree = "<group>";
		};
		G_9FB1743F226613249A21B1362D275C87 = {
			isa = PBXGroup;
			children = (
				G_45A9CFE50E143FFDFA45A7C58F85583C /* VibrateEveryX */,
				G_FEEB4B6B0E0842B2976C41FCB97A0390 /* VibrateEveryX WatchKit App */,
				G_4C0461979E7383B709D482BF8A1C8C8E /* VibrateEveryX WatchKit Extension */,
				G_4E7615781A36FF2A93BC361624EA2C59 /* Products */,
			);
			sourceTree = "<group>";
		};
		G_FEEB4B6B0E0842B2976C41FCB97A0390 /* VibrateEveryX WatchKit App */ = {
			isa = PBXGroup;
			children = (
				FR_FA2607F44B91911D38B04FBA39D448B1 /* Assets.xcassets */,
				FR_7E04B1A6A5FA78A170DB2F3185F2EA03 /* Info.plist */,
				VG_B7FEC49C66CF370029047BB804651BEA /* Interface.storyboard */,
			);
			path = "VibrateEveryX WatchKit App";
			sourceTree = "<group>";
		};
/* End PBXGroup section */

/* Begin PBXNativeTarget section */
		NT_9D2F2308C62BD8F4618FB6F71DC741C2 /* VibrateEveryX */ = {
			isa = PBXNativeTarget;
			buildConfigurationList = CL_43C1F028685059E0892449F65E1FE94F /* Build configuration list for PBXNativeTarget "VibrateEveryX" */;
			buildPhases = (
				SBP_E0269CB2B9543D3BC6A3463649294C31 /* Sources */,
				RBP_3D95C20E67EF4B91C6DD69B14E269E26 /* Resources */,
			);
			buildRules = (
			);
			dependencies = (
			);
			name = VibrateEveryX;
			productName = VibrateEveryX;
			productReference = FR_9E821D68004A26BEA4CDBDB335163B49 /* VibrateEveryX.app */;
			productType = "com.apple.product-type.application";
		};
		NT_C024284B5C31C1E6AB009881DA65D82F /* VibrateEveryX WatchKit Extension */ = {
			isa = PBXNativeTarget;
			buildConfigurationList = CL_7094A8D272ED2EBCE04C05E50DF58A08 /* Build configuration list for PBXNativeTarget "VibrateEveryX WatchKit Extension" */;
			buildPhases = (
				SBP_F43BA34AA62AE761717463D6AA7F0278 /* Sources */,
				RBP_A4B3B38F16E391B0968E7A39B3AB107F /* Resources */,
			);
			buildRules = (
			);
			dependencies = (
			);
			name = "VibrateEveryX WatchKit Extension";
			productName = "VibrateEveryX WatchKit Extension";
			productReference = FR_D06CC3809B5D133B708D354ECB91CB6C /* VibrateEveryX WatchKit Extension.app */;
			productType = "com.apple.product-type.application";
		};
		NT_D88A08403A79DDACF83D04C5462A27DE /* VibrateEveryX WatchKit App */ = {
			isa = PBXNativeTarget;
			buildConfigurationList = CL_27ABEAB3EC64176E32F1D4E86BC18B3D /* Build configuration list for PBXNativeTarget "VibrateEveryX WatchKit App" */;
			buildPhases = (
				SBP_E16D70B5690989C0092E22EB5E11A16E /* Sources */,
				RBP_22C0188D0EE34816721E01C16F6D1BB1 /* Resources */,
			);
			buildRules = (
			);
			dependencies = (
			);
			name = "VibrateEveryX WatchKit App";
			productName = "VibrateEveryX WatchKit App";
			productReference = FR_74D51005056C18740D78612D7BB967B7 /* VibrateEveryX WatchKit App.app */;
			productType = "com.apple.product-type.application";
		};
/* End PBXNativeTarget section */

/* Begin PBXProject section */
		P_9C9973A6222C70ED714C10158BE24ABA /* Project object */ = {
			isa = PBXProject;
			attributes = {
				LastUpgradeCheck = 1000;
				TargetAttributes = {
					NT_9D2F2308C62BD8F4618FB6F71DC741C2 = {
						DevelopmentTeam = NG5W75WE8U;
					};
				};
			};
			buildConfigurationList = CL_7AF40622234564105AE366EB9B4D77EB /* Build configuration list for PBXProject "VibrateEveryX" */;
			compatibilityVersion = "Xcode 3.2";
			developmentRegion = en;
			hasScannedForEncodings = 0;
			knownRegions = (
				Base,
			);
			mainGroup = G_9FB1743F226613249A21B1362D275C87;
			projectDirPath = "";
			projectRoot = "";
			targets = (
				NT_9D2F2308C62BD8F4618FB6F71DC741C2 /* VibrateEveryX */,
				NT_D88A08403A79DDACF83D04C5462A27DE /* VibrateEveryX WatchKit App */,
				NT_C024284B5C31C1E6AB009881DA65D82F /* VibrateEveryX WatchKit Extension */,
			);
		};
/* End PBXProject section */

/* Begin PBXResourcesBuildPhase section */
		RBP_22C0188D0EE34816721E01C16F6D1BB1 /* Resources */ = {
			isa = PBXResourcesBuildPhase;
			buildActionMask = 2147483647;
			files = (
				BF_2765D74C32703145BED06798CB29648F /* Assets.xcassets in Resources */,
				BF_9161118D4F698D25B9566DCBE9EC6855 /* Interface.storyboard in Resources */,
			);
			runOnlyForDeploymentPostprocessing = 0;
		};
		RBP_3D95C20E67EF4B91C6DD69B14E269E26 /* Resources */ = {
			isa = PBXResourcesBuildPhase;
			buildActionMask = 2147483647;
			files = (
				BF_CE7DB64BD31A40D7CB671118C511D26E /* Assets.xcassets in Resources */,
				BF_93A4315C351BE527F3EDFBA95744DBAA /* LaunchScreen.storyboard in Resources */,
				BF_23E33B5A531722D6114726BE9D2B62D5 /* Main.storyboard in Resources */,
			);
			runOnlyForDeploymentPostprocessing = 0;
		};
		RBP_A4B3B38F16E391B0968E7A39B3AB107F /* Resources */ = {
			isa = PBXResourcesBuildPhase;
			buildActionMask = 2147483647;
			files = (
				BF_43308251204B712F51FA69BD0E4BC349 /* Assets.xcassets in Resources */,
			);
			runOnlyForDeploymentPostprocessing = 0;
		};
/* End PBXResourcesBuildPhase section */

/* Begin PBXSourcesBuildPhase section */
		SBP_E0269CB2B9543D3BC6A3463649294C31 /* Sources */ = {
			isa = PBXSourcesBuildPhase;
			buildActionMask = 2147483647;
			files = (
				BF_E03919249EC8476D2122D6FE5AF43A3F /* AppDelegate.swift in Sources */,
				BF_579E539E2A7401D4BFBA0D0F909A46A4 /* ViewController.swift in Sources */,
			);
			runOnlyForDeploymentPostprocessing = 0;
		};
		SBP_E16D70B5690989C0092E22EB5E11A16E /* Sources */ = {
			isa = PBXSourcesBuildPhase;
			buildActionMask = 2147483647;
			files = (
			);
			runOnlyForDeploymentPostprocessing = 0;
		};
		SBP_F43BA34AA62AE761717463D6AA7F0278 /* Sources */ = {
			isa = PBXSourcesBuildPhase;
			buildActionMask = 2147483647;
			files = (
				BF_2DA5E3A1EE74517A3800F8333153BB4E /* ExtensionDelegate.swift in Sources */,
				BF_DEB19DF8FB8B28DA678A964985D5A715 /* InterfaceController.swift in Sources */,
				BF_E856C19DB4B46F9A5C77B2682223084C /* NotificationController.swift in Sources */,
			);
			runOnlyForDeploymentPostprocessing = 0;
		};
/* End PBXSourcesBuildPhase section */

/* Begin PBXVariantGroup section */
		VG_64A2E443E4055E9BB27F09A796C2CC90 /* Main.storyboard */ = {
			isa = PBXVariantGroup;
			children = (
				FR_B1E2D816679B6432A63C4100FBFFCA74 /* Base */,
			);
			name = Main.storyboard;
			sourceTree = "<group>";
		};
		VG_B7FEC49C66CF370029047BB804651BEA /* Interface.storyboard */ = {
			isa = PBXVariantGroup;
			children = (
				FR_CE337D42D6D61755102421CC2F871CBF /* Base */,
			);
			name = Interface.storyboard;
			sourceTree = "<group>";
		};
		VG_F688C000448D287B7B44D3D17417D501 /* LaunchScreen.storyboard */ = {
			isa = PBXVariantGroup;
			children = (
				FR_AA41008D25D0E892EE369557C0B40333 /* Base */,
			);
			name = LaunchScreen.storyboard;
			sourceTree = "<group>";
		};
/* End PBXVariantGroup section */

/* Begin XCBuildConfiguration section */
		BC_1250754A3303CE20629ACBABA9DC087B /* Debug */ = {
			isa = XCBuildConfiguration;
			buildSettings = {
				ALWAYS_SEARCH_USER_PATHS = NO;
				CLANG_ANALYZER_NONNULL = YES;
				CLANG_ANALYZER_NUMBER_OBJECT_CONVERSION = YES_AGGRESSIVE;
				CLANG_CXX_LANGUAGE_STANDARD = "gnu++14";
				CLANG_CXX_LIBRARY = "libc++";
				CLANG_ENABLE_MODULES = YES;
				CLANG_ENABLE_OBJC_ARC = YES;
				CLANG_WARN_BLOCK_CAPTURE_AUTORELEASING = YES;
				CLANG_WARN_BOOL_CONVERSION = YES;
				CLANG_WARN_COMMA = YES;
				CLANG_WARN_CONSTANT_CONVERSION = YES;
				CLANG_WARN_DEPRECATED_OBJC_IMPLEMENTATIONS = YES;
				CLANG_WARN_DIRECT_OBJC_ISA_USAGE = YES_ERROR;
				CLANG_WARN_DOCUMENTATION_COMMENTS = YES;
				CLANG_WARN_EMPTY_BODY = YES;
				CLANG_WARN_ENUM_CONVERSION = YES;
				CLANG_WARN_INFINITE_RECURSION = YES;
				CLANG_WARN_INT_CONVERSION = YES;
				CLANG_WARN_NON_LITERAL_NULL_CONVERSION = YES;
				CLANG_WARN_OBJC_IMPLICIT_RETAIN_SELF = YES;
				CLANG_WARN_OBJC_LITERAL_CONVERSION = YES;
				CLANG_WARN_OBJC_ROOT_CLASS = YES_ERROR;
				CLANG_WARN_RANGE_LOOP_ANALYSIS = YES;
				CLANG_WARN_STRICT_PROTOTYPES = YES;
				CLANG_WARN_SUSPICIOUS_MOVE = YES;
				CLANG_WARN_UNGUARDED_AVAILABILITY = YES_AGGRESSIVE;
				CLANG_WARN_UNREACHABLE_CODE = YES;
				CLANG_WARN__DUPLICATE_METHOD_MATCH = YES;
				COPY_PHASE_STRIP = NO;
				DEBUG_INFORMATION_FORMAT = dwarf;
				ENABLE_STRICT_OBJC_MSGSEND = YES;
				ENABLE_TESTABILITY = YES;
				GCC_C_LANGUAGE_STANDARD = gnu11;
				GCC_DYNAMIC_NO_PIC = NO;
				GCC_NO_COMMON_BLOCKS = YES;
				GCC_OPTIMIZATION_LEVEL = 0;
				GCC_PREPROCESSOR_DEFINITIONS = (
					"$(inherited)",
					"DEBUG=1",
				);
				GCC_WARN_64_TO_32_BIT_CONVERSION = YES;
				GCC_WARN_ABOUT_RETURN_TYPE = YES_ERROR;
				GCC_WARN_UNDECLARED_SELECTOR = YES;
				GCC_WARN_UNINITIALIZED_AUTOS = YES_AGGRESSIVE;
				GCC_WARN_UNUSED_FUNCTION = YES;
				GCC_WARN_UNUSED_VARIABLE = YES;
				MTL_ENABLE_DEBUG_INFO = YES;
				ONLY_ACTIVE_ARCH = YES;
				PRODUCT_NAME = "$(TARGET_NAME)";
				SWIFT_ACTIVE_COMPILATION_CONDITIONS = DEBUG;
				SWIFT_OPTIMIZATION_LEVEL = "-Onone";
				SWIFT_VERSION = 4.2;
			};
			name = Debug;
		};
		BC_316425A044D3B7920B2D847D8BDC571E /* Debug */ = {
			isa = XCBuildConfiguration;
			buildSettings = {
				ALWAYS_EMBED_SWIFT_STANDARD_LIBRARIES = YES;
				ASSETCATALOG_COMPILER_APPICON_NAME = AppIcon;
				CODE_SIGN_IDENTITY = "iPhone Developer";
				DEVELOPMENT_TEAM = NG5W75WE8U;
				INFOPLIST_FILE = VibrateEveryX/Info.plist;
				IPHONEOS_DEPLOYMENT_TARGET = 11.0;
				LD_RUNPATH_SEARCH_PATHS = "$(inherited) @executable_path/Frameworks";
				PRODUCT_BUNDLE_IDENTIFIER = de.felixfoertsch.VibrateEveryX;
				SDKROOT = iphoneos;
				TARGETED_DEVICE_FAMILY = "1,2";
			};
			name = Debug;
		};
		BC_4F263AE3DE2E769F2091CE8FFC867181 /* Release */ = {
			isa = XCBuildConfiguration;
			buildSettings = {
				ALWAYS_EMBED_SWIFT_STANDARD_LIBRARIES = YES;
				ASSETCATALOG_COMPILER_APPICON_NAME = AppIcon;
				CODE_SIGN_IDENTITY = "iPhone Developer";
				DEVELOPMENT_TEAM = NG5W75WE8U;
				INFOPLIST_FILE = VibrateEveryX/Info.plist;
				IPHONEOS_DEPLOYMENT_TARGET = 11.0;
				LD_RUNPATH_SEARCH_PATHS = "$(inherited) @executable_path/Frameworks";
				PRODUCT_BUNDLE_IDENTIFIER = de.felixfoertsch.VibrateEveryX;
				SDKROOT = iphoneos;
				TARGETED_DEVICE_FAMILY = "1,2";
			};
			name = Release;
		};
		BC_52B239427BD7F6E640F6F5565339CE5E /* Debug */ = {
			isa = XCBuildConfiguration;
			buildSettings = {
				ALWAYS_EMBED_SWIFT_STANDARD_LIBRARIES = YES;
				ASSETCATALOG_COMPILER_APPICON_NAME = AppIcon;
				INFOPLIST_FILE = "VibrateEveryX WatchKit App/Info.plist";
				PRODUCT_BUNDLE_IDENTIFIER = de.felixfoertsch.VibrateEveryXWatchKitApp;
				SDKROOT = watchos;
				SKIP_INSTALL = YES;
				TARGETED_DEVICE_FAMILY = 4;
			};
			name = Debug;
		};
		BC_8E477DC4838B719E288782CA017C3DD1 /* Release */ = {
			isa = XCBuildConfiguration;
			buildSettings = {
				ALWAYS_EMBED_SWIFT_STANDARD_LIBRARIES = YES;
				ASSETCATALOG_COMPILER_APPICON_NAME = AppIcon;
				INFOPLIST_FILE = "VibrateEveryX WatchKit App/Info.plist";
				PRODUCT_BUNDLE_IDENTIFIER = de.felixfoertsch.VibrateEveryXWatchKitApp;
				SDKROOT = watchos;
				SKIP_INSTALL = YES;
				TARGETED_DEVICE_FAMILY = 4;
			};
			name = Release;
		};
		BC_993191C8CABA97EEE7CE8E2B62EBF021 /* Release */ = {
			isa = XCBuildConfiguration;
			buildSettings = {
				ALWAYS_SEARCH_USER_PATHS = NO;
				CLANG_ANALYZER_NONNULL = YES;
				CLANG_ANALYZER_NUMBER_OBJECT_CONVERSION = YES_AGGRESSIVE;
				CLANG_CXX_LANGUAGE_STANDARD = "gnu++14";
				CLANG_CXX_LIBRARY = "libc++";
				CLANG_ENABLE_MODULES = YES;
				CLANG_ENABLE_OBJC_ARC = YES;
				CLANG_WARN_BLOCK_CAPTURE_AUTORELEASING = YES;
				CLANG_WARN_BOOL_CONVERSION = YES;
				CLANG_WARN_COMMA = YES;
				CLANG_WARN_CONSTANT_CONVERSION = YES;
				CLANG_WARN_DEPRECATED_OBJC_IMPLEMENTATIONS = YES;
				CLANG_WARN_DIRECT_OBJC_ISA_USAGE = YES_ERROR;
				CLANG_WARN_DOCUMENTATION_COMMENTS = YES;
				CLANG_WARN_EMPTY_BODY = YES;
				CLANG_WARN_ENUM_CONVERSION = YES;
				CLANG_WARN_INFINITE_RECURSION = YES;
				CLANG_WARN_INT_CONVERSION = YES;
				CLANG_WARN_NON_LITERAL_NULL_CONVERSION = YES;
				CLANG_WARN_OBJC_IMPLICIT_RETAIN_SELF = YES;
				CLANG_WARN_OBJC_LITERAL_CONVERSION = YES;
				CLANG_WARN_OBJC_ROOT_CLASS = YES_ERROR;
				CLANG_WARN_RANGE_LOOP_ANALYSIS = YES;
				CLANG_WARN_STRICT_PROTOTYPES = YES;
				CLANG_WARN_SUSPICIOUS_MOVE = YES;
				CLANG_WARN_UNGUARDED_AVAILABILITY = YES_AGGRESSIVE;
				CLANG_WARN_UNREACHABLE_CODE = YES;
				CLANG_WARN__DUPLICATE_METHOD_MATCH = YES;
				COPY_PHASE_STRIP = NO;
				DEBUG_INFORMATION_FORMAT = "dwarf-with-dsym";
				ENABLE_NS_ASSERTIONS = NO;
				ENABLE_STRICT_OBJC_MSGSEND = YES;
				GCC_C_LANGUAGE_STANDARD = gnu11;
				GCC_NO_COMMON_BLOCKS = YES;
				GCC_WARN_64_TO_32_BIT_CONVERSION = YES;
				GCC_WARN_ABOUT_RETURN_TYPE = YES_ERROR;
				GCC_WARN_UNDECLARED_SELECTOR = YES;
				GCC_WARN_UNINITIALIZED_AUTOS = YES_AGGRESSIVE;
				GCC_WARN_UNUSED_FUNCTION = YES;
				GCC_WARN_UNUSED_VARIABLE = YES;
				PRODUCT_NAME = "$(TARGET_NAME)";
				SWIFT_OPTIMIZATION_LEVEL = "-Owholemodule";
				SWIFT_VERSION = 4.2;
				VALIDATE_PRODUCT = YES;
			};
			name = Release;
		};
		BC_BA3566933A24CDD0CAA0D89257F0611A /* Release */ = {
			isa = XCBuildConfiguration;
			buildSettings = {
				ALWAYS_EMBED_SWIFT_STANDARD_LIBRARIES = YES;
				ASSETCATALOG_COMPILER_APPICON_NAME = AppIcon;
				INFOPLIST_FILE = "VibrateEveryX WatchKit Extension/Info.plist";
				PRODUCT_BUNDLE_IDENTIFIER = de.felixfoertsch.VibrateEveryXWatchKitExtension;
				SDKROOT = watchos;
				SKIP_INSTALL = YES;
				TARGETED_DEVICE_FAMILY = 4;
			};
			name = Release;
		};
		BC_E1094A5B48CBEB67F17C2F4B39EA81CF /* Debug */ = {
			isa = XCBuildConfiguration;
			buildSettings = {
				ALWAYS_EMBED_SWIFT_STANDARD_LIBRARIES = YES;
				ASSETCATALOG_COMPILER_APPICON_NAME = AppIcon;
				INFOPLIST_FILE = "VibrateEveryX WatchKit Extension/Info.plist";
				PRODUCT_BUNDLE_IDENTIFIER = de.felixfoertsch.VibrateEveryXWatchKitExtension;
				SDKROOT = watchos;
				SKIP_INSTALL = YES;
				TARGETED_DEVICE_FAMILY = 4;
			};
			name = Debug;
		};
/* End XCBuildConfiguration section */

/* Begin XCConfigurationList section */
		CL_27ABEAB3EC64176E32F1D4E86BC18B3D /* Build configuration list for PBXNativeTarget "VibrateEveryX WatchKit App" */ = {
			isa = XCConfigurationList;
			buildConfigurations = (
				BC_52B239427BD7F6E640F6F5565339CE5E /* Debug */,
				BC_8E477DC4838B719E288782CA017C3DD1 /* Release */,
			);
			defaultConfigurationIsVisible = 0;
			defaultConfigurationName = "";
		};
		CL_43C1F028685059E0892449F65E1FE94F /* Build configuration list for PBXNativeTarget "VibrateEveryX" */ = {
			isa = XCConfigurationList;
			buildConfigurations = (
				BC_316425A044D3B7920B2D847D8BDC571E /* Debug */,
				BC_4F263AE3DE2E769F2091CE8FFC867181 /* Release */,
			);
			defaultConfigurationIsVisible = 0;
			defaultConfigurationName = "";
		};
		CL_7094A8D272ED2EBCE04C05E50DF58A08 /* Build configuration list for PBXNativeTarget "VibrateEveryX WatchKit Extension" */ = {
			isa = XCConfigurationList;
			buildConfigurations = (
				BC_E1094A5B48CBEB67F17C2F4B39EA81CF /* Debug */,
				BC_BA3566933A24CDD0CAA0D89257F0611A /* Release */,
			);
			defaultConfigurationIsVisible = 0;
			defaultConfigurationName = "";
		};
		CL_7AF40622234564105AE366EB9B4D77EB /* Build configuration list for PBXProject "VibrateEveryX" */ = {
			isa = XCConfigurationList;
			buildConfigurations = (
				BC_1250754A3303CE20629ACBABA9DC087B /* Debug */,
				BC_993191C8CABA97EEE7CE8E2B62EBF021 /* Release */,
			);
			defaultConfigurationIsVisible = 0;
			defaultConfigurationName = Debug;
		};
/* End XCConfigurationList section */
	};
	rootObject = P_9C9973A6222C70ED714C10158BE24ABA /* Project object */;
}
